
Microsoft Visual Studio Solution File, Format Version 12.00
# Visual Studio 15
Project("{FAE04EC0-301F-11D3-BF4B-00C04F79EFBC}") = "CSVStudy", "CSVStudy.csproj", "{D5F86E6B-775A-7048-D74F-1BC4298011C4}"
EndProject
Project("{FAE04EC0-301F-11D3-BF4B-00C04F79EFBC}") = "CSVStudy.Editor", "CSVStudy.Editor.csproj", "{BD616FF5-6F22-755A-7277-C56179B2345D}"
EndProject
Global
	GlobalSection(SolutionConfigurationPlatforms) = preSolution
		Debug|Any CPU = Debug|Any CPU
		Release|Any CPU = Release|Any CPU
	EndGlobalSection
	GlobalSection(ProjectConfigurationPlatforms) = postSolution
		{D5F86E6B-775A-7048-D74F-1BC4298011C4}.Debug|Any CPU.ActiveCfg = Debug|Any CPU
		{D5F86E6B-775A-7048-D74F-1BC4298011C4}.Debug|Any CPU.Build.0 = Debug|Any CPU
		{D5F86E6B-775A-7048-D74F-1BC4298011C4}.Release|Any CPU.ActiveCfg = Release|Any CPU
		{D5F86E6B-775A-7048-D74F-1BC4298011C4}.Release|Any CPU.Build.0 = Release|Any CPU
		{BD616FF5-6F22-755A-7277-C56179B2345D}.Debug|Any CPU.ActiveCfg = Debug|Any CPU
		{BD616FF5-6F22-755A-7277-C56179B2345D}.Debug|Any CPU.Build.0 = Debug|Any CPU
		{BD616FF5-6F22-755A-7277-C56179B2345D}.Release|Any CPU.ActiveCfg = Release|Any CPU
		{BD616FF5-6F22-755A-7277-C56179B2345D}.Release|Any CPU.Build.0 = Release|Any CPU
	EndGlobalSection
	GlobalSection(SolutionProperties) = preSolution
		HideSolutionNode = FALSE
	EndGlobalSection
EndGlobal
